
Microsoft Visual Studio Solution File, Format Version 12.00
# Visual Studio Version 16
VisualStudioVersion = 16.0.31112.23
MinimumVisualStudioVersion = 10.0.40219.1
Project("{FAE04EC0-301F-11D3-BF4B-00C04F79EFBC}") = "Battleships_Console", "Battleships_Console\Battleships_Console.csproj", "{2CBD76E2-D5E7-475C-942D-99DC1B6965CD}"
EndProject
Global
	GlobalSection(SolutionConfigurationPlatforms) = preSolution
		Debug|Any CPU = Debug|Any CPU
		Release|Any CPU = Release|Any CPU
	EndGlobalSection
	GlobalSection(ProjectConfigurationPlatforms) = postSolution
		{2CBD76E2-D5E7-475C-942D-99DC1B6965CD}.Debug|Any CPU.ActiveCfg = Debug|Any CPU
		{2CBD76E2-D5E7-475C-942D-99DC1B6965CD}.Debug|Any CPU.Build.0 = Debug|Any CPU
		{2CBD76E2-D5E7-475C-942D-99DC1B6965CD}.Release|Any CPU.ActiveCfg = Release|Any CPU
		{2CBD76E2-D5E7-475C-942D-99DC1B6965CD}.Release|Any CPU.Build.0 = Release|Any CPU
	EndGlobalSection
	GlobalSection(SolutionProperties) = preSolution
		HideSolutionNode = FALSE
	EndGlobalSection
	GlobalSection(ExtensibilityGlobals) = postSolution
		SolutionGuid = {86A69C9F-3836-4BA4-B0C9-CECF4D6889A3}
	EndGlobalSection
EndGlobal
